// !$*UTF8*$!
{
	archiveVersion = 1;
	classes = {
	};
	objectVersion = 45;
	objects = {

/* Begin PBXBuildFile section */
		1D3623260D0F684500981E51 /* GorillasAppDelegate.m in Sources */ = {isa = PBXBuildFile; fileRef = 1D3623250D0F684500981E51 /* GorillasAppDelegate.m */; };
		1D60589B0D05DD56006BFB54 /* main.m in Sources */ = {isa = PBXBuildFile; fileRef = 29B97316FDCFA39411CA2CEA /* main.m */; };
		1D60589F0D05DD5A006BFB54 /* Foundation.framework in Frameworks */ = {isa = PBXBuildFile; fileRef = 1D30AB110D05D00D00671497 /* Foundation.framework */; };
		1DF5F4E00D08C38300B7A737 /* UIKit.framework in Frameworks */ = {isa = PBXBuildFile; fileRef = 1DF5F4DF0D08C38300B7A737 /* UIKit.framework */; };
		288765FD0DF74451002DB57D /* CoreGraphics.framework in Frameworks */ = {isa = PBXBuildFile; fileRef = 288765FC0DF74451002DB57D /* CoreGraphics.framework */; };
		DA126C8F0EDDF19100EADDE2 /* Utility.m in Sources */ = {isa = PBXBuildFile; fileRef = DA126C8E0EDDF19100EADDE2 /* Utility.m */; };
		DA16C3560EEC3D2200E46246 /* icon.png in Resources */ = {isa = PBXBuildFile; fileRef = DA16C3550EEC3D2200E46246 /* icon.png */; };
		DA16C5190EEC856200E46246 /* ShadeTo.m in Sources */ = {isa = PBXBuildFile; fileRef = DA16C5180EEC856200E46246 /* ShadeTo.m */; };
		DA2283000EE204AF00BA53D2 /* ExplosionAnimationLayer.m in Sources */ = {isa = PBXBuildFile; fileRef = DA2282FF0EE204AF00BA53D2 /* ExplosionAnimationLayer.m */; };
		DA22830A0EE2CAC600BA53D2 /* hole.png in Resources */ = {isa = PBXBuildFile; fileRef = DA2283090EE2CAC600BA53D2 /* hole.png */; };
		DA34006D0EB516D800B68C06 /* StatisticsLayer.m in Sources */ = {isa = PBXBuildFile; fileRef = DA34006C0EB516D800B68C06 /* StatisticsLayer.m */; };
		DA3400700EB516F400B68C06 /* ConfigurationLayer.m in Sources */ = {isa = PBXBuildFile; fileRef = DA34006F0EB516F400B68C06 /* ConfigurationLayer.m */; };
		DA34FD100EB4851E00B68C06 /* PanAction.m in Sources */ = {isa = PBXBuildFile; fileRef = DA34FD0F0EB4851D00B68C06 /* PanAction.m */; };
		DA34FD7D0EB49F4000B68C06 /* BuildingsLayer.m in Sources */ = {isa = PBXBuildFile; fileRef = DA34FD7C0EB49F4000B68C06 /* BuildingsLayer.m */; };
		DA34FD800EB49FFB00B68C06 /* SkyLayer.m in Sources */ = {isa = PBXBuildFile; fileRef = DA34FD7F0EB49FFB00B68C06 /* SkyLayer.m */; };
		DA34FE1C0EB4AE5400B68C06 /* SkiesLayer.m in Sources */ = {isa = PBXBuildFile; fileRef = DA34FE1B0EB4AE5400B68C06 /* SkiesLayer.m */; };
		DA34FF6C0EB4E48E00B68C06 /* ShadeLayer.m in Sources */ = {isa = PBXBuildFile; fileRef = DA34FF6B0EB4E48E00B68C06 /* ShadeLayer.m */; };
		DA34FFAA0EB4EEF300B68C06 /* MainMenuLayer.m in Sources */ = {isa = PBXBuildFile; fileRef = DA34FFA90EB4EEF300B68C06 /* MainMenuLayer.m */; };
		DA4F49F90EF3243C0062E0E8 /* InformationLayer.m in Sources */ = {isa = PBXBuildFile; fileRef = DA4F49F80EF3243C0062E0E8 /* InformationLayer.m */; };
		DA4F4A260EF327A30062E0E8 /* GuideLayer.m in Sources */ = {isa = PBXBuildFile; fileRef = DA4F4A250EF327A30062E0E8 /* GuideLayer.m */; };
		DA4F4B280EF3E8F60062E0E8 /* cocos2d.m in Sources */ = {isa = PBXBuildFile; fileRef = DA4F4AF60EF3E8F60062E0E8 /* cocos2d.m */; };
		DA4F4B290EF3E8F60062E0E8 /* Scheduler.m in Sources */ = {isa = PBXBuildFile; fileRef = DA4F4AF80EF3E8F60062E0E8 /* Scheduler.m */; };
		DA4F4B2A0EF3E8F60062E0E8 /* TextureNode.m in Sources */ = {isa = PBXBuildFile; fileRef = DA4F4AFA0EF3E8F60062E0E8 /* TextureNode.m */; };
		DA4F4B2B0EF3E8F60062E0E8 /* ParticleSystems.m in Sources */ = {isa = PBXBuildFile; fileRef = DA4F4AFC0EF3E8F60062E0E8 /* ParticleSystems.m */; };
		DA4F4B2C0EF3E8F60062E0E8 /* Particle.m in Sources */ = {isa = PBXBuildFile; fileRef = DA4F4AFE0EF3E8F60062E0E8 /* Particle.m */; };
		DA4F4B2D0EF3E8F60062E0E8 /* Primitives.m in Sources */ = {isa = PBXBuildFile; fileRef = DA4F4B000EF3E8F60062E0E8 /* Primitives.m */; };
		DA4F4B2E0EF3E8F60062E0E8 /* Transition.m in Sources */ = {isa = PBXBuildFile; fileRef = DA4F4B020EF3E8F60062E0E8 /* Transition.m */; };
		DA4F4B2F0EF3E8F60062E0E8 /* CameraAction.m in Sources */ = {isa = PBXBuildFile; fileRef = DA4F4B040EF3E8F60062E0E8 /* CameraAction.m */; };
		DA4F4B300EF3E8F60062E0E8 /* Camera.m in Sources */ = {isa = PBXBuildFile; fileRef = DA4F4B060EF3E8F60062E0E8 /* Camera.m */; };
		DA4F4B310EF3E8F60062E0E8 /* MenuItem.m in Sources */ = {isa = PBXBuildFile; fileRef = DA4F4B080EF3E8F60062E0E8 /* MenuItem.m */; };
		DA4F4B320EF3E8F60062E0E8 /* Menu.m in Sources */ = {isa = PBXBuildFile; fileRef = DA4F4B0A0EF3E8F60062E0E8 /* Menu.m */; };
		DA4F4B330EF3E8F60062E0E8 /* CocosNode.m in Sources */ = {isa = PBXBuildFile; fileRef = DA4F4B0C0EF3E8F60062E0E8 /* CocosNode.m */; };
		DA4F4B340EF3E8F60062E0E8 /* Director.m in Sources */ = {isa = PBXBuildFile; fileRef = DA4F4B0E0EF3E8F60062E0E8 /* Director.m */; };
		DA4F4B350EF3E8F60062E0E8 /* Action.m in Sources */ = {isa = PBXBuildFile; fileRef = DA4F4B100EF3E8F60062E0E8 /* Action.m */; };
		DA4F4B360EF3E8F60062E0E8 /* InstantAction.m in Sources */ = {isa = PBXBuildFile; fileRef = DA4F4B120EF3E8F60062E0E8 /* InstantAction.m */; };
		DA4F4B370EF3E8F60062E0E8 /* IntervalAction.m in Sources */ = {isa = PBXBuildFile; fileRef = DA4F4B140EF3E8F60062E0E8 /* IntervalAction.m */; };
		DA4F4B380EF3E8F60062E0E8 /* Label.m in Sources */ = {isa = PBXBuildFile; fileRef = DA4F4B160EF3E8F60062E0E8 /* Label.m */; };
		DA4F4B390EF3E8F60062E0E8 /* Layer.m in Sources */ = {isa = PBXBuildFile; fileRef = DA4F4B180EF3E8F60062E0E8 /* Layer.m */; };
		DA4F4B3A0EF3E8F60062E0E8 /* Scene.m in Sources */ = {isa = PBXBuildFile; fileRef = DA4F4B1A0EF3E8F60062E0E8 /* Scene.m */; };
		DA4F4B3B0EF3E8F60062E0E8 /* Sprite.m in Sources */ = {isa = PBXBuildFile; fileRef = DA4F4B1C0EF3E8F60062E0E8 /* Sprite.m */; };
		DA4F4B3C0EF3E8F60062E0E8 /* TextureMgr.m in Sources */ = {isa = PBXBuildFile; fileRef = DA4F4B1E0EF3E8F60062E0E8 /* TextureMgr.m */; };
		DA4F4B3D0EF3E8F60062E0E8 /* TextureAtlas.m in Sources */ = {isa = PBXBuildFile; fileRef = DA4F4B210EF3E8F60062E0E8 /* TextureAtlas.m */; };
		DA4F4B3E0EF3E8F60062E0E8 /* LabelAtlas.m in Sources */ = {isa = PBXBuildFile; fileRef = DA4F4B230EF3E8F60062E0E8 /* LabelAtlas.m */; };
		DA4F4B3F0EF3E8F60062E0E8 /* TileMapAtlas.m in Sources */ = {isa = PBXBuildFile; fileRef = DA4F4B250EF3E8F60062E0E8 /* TileMapAtlas.m */; };
		DA4F4B400EF3E8F60062E0E8 /* AtlasNode.m in Sources */ = {isa = PBXBuildFile; fileRef = DA4F4B270EF3E8F60062E0E8 /* AtlasNode.m */; };
		DA4F4B850EF3E9030062E0E8 /* chipmunk.c in Sources */ = {isa = PBXBuildFile; fileRef = DA4F4B5D0EF3E9030062E0E8 /* chipmunk.c */; };
		DA4F4B860EF3E9030062E0E8 /* CMakeLists.txt in Resources */ = {isa = PBXBuildFile; fileRef = DA4F4B5F0EF3E9030062E0E8 /* CMakeLists.txt */; };
		DA4F4B870EF3E9030062E0E8 /* cpArbiter.c in Sources */ = {isa = PBXBuildFile; fileRef = DA4F4B600EF3E9030062E0E8 /* cpArbiter.c */; };
		DA4F4B880EF3E9030062E0E8 /* cpArray.c in Sources */ = {isa = PBXBuildFile; fileRef = DA4F4B620EF3E9030062E0E8 /* cpArray.c */; };
		DA4F4B890EF3E9030062E0E8 /* cpBB.c in Sources */ = {isa = PBXBuildFile; fileRef = DA4F4B640EF3E9030062E0E8 /* cpBB.c */; };
		DA4F4B8A0EF3E9030062E0E8 /* cpBody.c in Sources */ = {isa = PBXBuildFile; fileRef = DA4F4B660EF3E9030062E0E8 /* cpBody.c */; };
		DA4F4B8B0EF3E9030062E0E8 /* cpCollision.c in Sources */ = {isa = PBXBuildFile; fileRef = DA4F4B680EF3E9030062E0E8 /* cpCollision.c */; };
		DA4F4B8C0EF3E9030062E0E8 /* cpHashSet.c in Sources */ = {isa = PBXBuildFile; fileRef = DA4F4B6A0EF3E9030062E0E8 /* cpHashSet.c */; };
		DA4F4B8D0EF3E9030062E0E8 /* cpJoint.c in Sources */ = {isa = PBXBuildFile; fileRef = DA4F4B6C0EF3E9030062E0E8 /* cpJoint.c */; };
		DA4F4B8E0EF3E9030062E0E8 /* cpPolyShape.c in Sources */ = {isa = PBXBuildFile; fileRef = DA4F4B6E0EF3E9030062E0E8 /* cpPolyShape.c */; };
		DA4F4B8F0EF3E9030062E0E8 /* cpShape.c in Sources */ = {isa = PBXBuildFile; fileRef = DA4F4B700EF3E9030062E0E8 /* cpShape.c */; };
		DA4F4B900EF3E9030062E0E8 /* cpSpace.c in Sources */ = {isa = PBXBuildFile; fileRef = DA4F4B720EF3E9030062E0E8 /* cpSpace.c */; };
		DA4F4B910EF3E9030062E0E8 /* cpSpaceHash.c in Sources */ = {isa = PBXBuildFile; fileRef = DA4F4B740EF3E9030062E0E8 /* cpSpaceHash.c */; };
		DA4F4B920EF3E9030062E0E8 /* cpVect.c in Sources */ = {isa = PBXBuildFile; fileRef = DA4F4B760EF3E9030062E0E8 /* cpVect.c */; };
		DA4F4B9E0EF3E90D0062E0E8 /* EAGLView.m in Sources */ = {isa = PBXBuildFile; fileRef = DA4F4B950EF3E90D0062E0E8 /* EAGLView.m */; };
		DA4F4B9F0EF3E90D0062E0E8 /* glu.c in Sources */ = {isa = PBXBuildFile; fileRef = DA4F4B960EF3E90D0062E0E8 /* glu.c */; };
		DA4F4BA00EF3E90D0062E0E8 /* Texture2D.m in Sources */ = {isa = PBXBuildFile; fileRef = DA4F4B9A0EF3E90D0062E0E8 /* Texture2D.m */; };
		DA4F4BA10EF3E90D0062E0E8 /* TGAlib.c in Sources */ = {isa = PBXBuildFile; fileRef = DA4F4B9C0EF3E90D0062E0E8 /* TGAlib.c */; };
		DA5F1BD60EE74CE80041691E /* fps_images.png in Resources */ = {isa = PBXBuildFile; fileRef = DA5F1BD40EE74CE80041691E /* fps_images.png */; };
		DA6314C20EFAEA06007D203B /* TestLayer.m in Sources */ = {isa = PBXBuildFile; fileRef = DA6314C10EFAEA06007D203B /* TestLayer.m */; };
		DA6314C50EFAEAD0007D203B /* FancyLayer.m in Sources */ = {isa = PBXBuildFile; fileRef = DA6314C40EFAEAD0007D203B /* FancyLayer.m */; };
		DA6C17CE0EC0F698006D43BD /* ExplosionLayer.m in Sources */ = {isa = PBXBuildFile; fileRef = DA6C17CD0EC0F698006D43BD /* ExplosionLayer.m */; };
		DA7547F80EAB66D40083EC7C /* GameLayer.m in Sources */ = {isa = PBXBuildFile; fileRef = DA7547F50EAB66D40083EC7C /* GameLayer.m */; };
		DA75482C0EAB77450083EC7C /* OpenGLES.framework in Frameworks */ = {isa = PBXBuildFile; fileRef = DA75482B0EAB77450083EC7C /* OpenGLES.framework */; };
		DA75496D0EAB77970083EC7C /* QuartzCore.framework in Frameworks */ = {isa = PBXBuildFile; fileRef = DA75496C0EAB77970083EC7C /* QuartzCore.framework */; };
		DA859C500EC4F3950036B7C0 /* GorillaLayer.m in Sources */ = {isa = PBXBuildFile; fileRef = DA859C4F0EC4F3950036B7C0 /* GorillaLayer.m */; };
		DA859E700EC598E10036B7C0 /* BananaLayer.m in Sources */ = {isa = PBXBuildFile; fileRef = DA859E6F0EC598E10036B7C0 /* BananaLayer.m */; };
		DA859EC40EC5B2510036B7C0 /* AudioPlayer.m in Sources */ = {isa = PBXBuildFile; fileRef = DA859EC30EC5B2510036B7C0 /* AudioPlayer.m */; };
		DA859EC90EC5B2630036B7C0 /* AudioController.m in Sources */ = {isa = PBXBuildFile; fileRef = DA859EC60EC5B2630036B7C0 /* AudioController.m */; };
		DA859ECA0EC5B2630036B7C0 /* AudioQueueObject.m in Sources */ = {isa = PBXBuildFile; fileRef = DA859EC80EC5B2630036B7C0 /* AudioQueueObject.m */; };
		DA859F210EC5BB0E0036B7C0 /* AudioToolbox.framework in Frameworks */ = {isa = PBXBuildFile; fileRef = DA859F200EC5BB0E0036B7C0 /* AudioToolbox.framework */; };
		DAAC33240EC5E26800816338 /* veritech.wav in Resources */ = {isa = PBXBuildFile; fileRef = DAAC33230EC5E26800816338 /* veritech.wav */; };
		DAB46AA90EC85E7400F17B3F /* HUDLayer.m in Sources */ = {isa = PBXBuildFile; fileRef = DAB46AA80EC85E7400F17B3F /* HUDLayer.m */; };
		DAB609A70EDCBA4600FC200F /* explosion0.png in Resources */ = {isa = PBXBuildFile; fileRef = DAB609A10EDCBA4600FC200F /* explosion0.png */; };
		DAB609A80EDCBA4600FC200F /* explosion1.png in Resources */ = {isa = PBXBuildFile; fileRef = DAB609A20EDCBA4600FC200F /* explosion1.png */; };
		DAB609A90EDCBA4600FC200F /* explosion2.png in Resources */ = {isa = PBXBuildFile; fileRef = DAB609A30EDCBA4600FC200F /* explosion2.png */; };
		DAB609AA0EDCBA4600FC200F /* explosion3.png in Resources */ = {isa = PBXBuildFile; fileRef = DAB609A40EDCBA4600FC200F /* explosion3.png */; };
		DAB609AB0EDCBA4600FC200F /* explosion4.png in Resources */ = {isa = PBXBuildFile; fileRef = DAB609A50EDCBA4600FC200F /* explosion4.png */; };
		DAB8C42E0EF1D582003D22DA /* ContinueMenuLayer.m in Sources */ = {isa = PBXBuildFile; fileRef = DAB8C42D0EF1D582003D22DA /* ContinueMenuLayer.m */; };
		DAC4E93F0EDAF37B0093BA40 /* gorilla.png in Resources */ = {isa = PBXBuildFile; fileRef = DAC4E93E0EDAF37B0093BA40 /* gorilla.png */; };
		DAC4E9C70EDAF86F0093BA40 /* gorilla.gif in Resources */ = {isa = PBXBuildFile; fileRef = DAC4E9C60EDAF86F0093BA40 /* gorilla.gif */; };
		DAC4EA230EDB0A610093BA40 /* banana.png in Resources */ = {isa = PBXBuildFile; fileRef = DAC4EA220EDB0A610093BA40 /* banana.png */; };
		DACA4E6E0EB3AEA40096F970 /* BuildingLayer.m in Sources */ = {isa = PBXBuildFile; fileRef = DACA4E6D0EB3AEA40096F970 /* BuildingLayer.m */; };
		DACA4E8D0EB3B0E10096F970 /* GorillasConfig.m in Sources */ = {isa = PBXBuildFile; fileRef = DACA4E8C0EB3B0E10096F970 /* GorillasConfig.m */; };
		DACFEC210EE96AA300A0D08E /* CityTheme.m in Sources */ = {isa = PBXBuildFile; fileRef = DACFEC200EE96AA300A0D08E /* CityTheme.m */; };
		DAF6AAF00EF57EA500035664 /* page1.guide in Resources */ = {isa = PBXBuildFile; fileRef = DAF6AAEC0EF57EA500035664 /* page1.guide */; };
		DAF6AAF10EF57EA500035664 /* page2.guide in Resources */ = {isa = PBXBuildFile; fileRef = DAF6AAED0EF57EA500035664 /* page2.guide */; };
		DAF6AAF20EF57EA500035664 /* page3.guide in Resources */ = {isa = PBXBuildFile; fileRef = DAF6AAEE0EF57EA500035664 /* page3.guide */; };
		DAF6AAF30EF57EA500035664 /* page4.guide in Resources */ = {isa = PBXBuildFile; fileRef = DAF6AAEF0EF57EA500035664 /* page4.guide */; };
		DAF6AB2F0EF58BC300035664 /* page5.guide in Resources */ = {isa = PBXBuildFile; fileRef = DAF6AB2C0EF58BC300035664 /* page5.guide */; };
		DAF6AB300EF58BC300035664 /* page6.guide in Resources */ = {isa = PBXBuildFile; fileRef = DAF6AB2D0EF58BC300035664 /* page6.guide */; };
		DAF6AB310EF58BC300035664 /* page7.guide in Resources */ = {isa = PBXBuildFile; fileRef = DAF6AB2E0EF58BC300035664 /* page7.guide */; };
		DAF9059D0EFD12D100797E7A /* blockdropper3.wav in Resources */ = {isa = PBXBuildFile; fileRef = DAF9059B0EFD12D100797E7A /* blockdropper3.wav */; };
		DAF9059E0EFD12D100797E7A /* fighting_gorillas.wav in Resources */ = {isa = PBXBuildFile; fileRef = DAF9059C0EFD12D100797E7A /* fighting_gorillas.wav */; };
		DAFEB9C10EFDCA540074333B /* page8.guide in Resources */ = {isa = PBXBuildFile; fileRef = DAFEB9BF0EFDCA540074333B /* page8.guide */; };
		DAFEB9C20EFDCA540074333B /* page9.guide in Resources */ = {isa = PBXBuildFile; fileRef = DAFEB9C00EFDCA540074333B /* page9.guide */; };
		DAFEF9730ED847D40019F7E5 /* Throw.m in Sources */ = {isa = PBXBuildFile; fileRef = DAFEF9720ED847D40019F7E5 /* Throw.m */; };
/* End PBXBuildFile section */

/* Begin PBXFileReference section */
		1D30AB110D05D00D00671497 /* Foundation.framework */ = {isa = PBXFileReference; lastKnownFileType = wrapper.framework; name = Foundation.framework; path = System/Library/Frameworks/Foundation.framework; sourceTree = SDKROOT; };
		1D3623240D0F684500981E51 /* GorillasAppDelegate.h */ = {isa = PBXFileReference; fileEncoding = 4; lastKnownFileType = sourcecode.c.h; path = GorillasAppDelegate.h; sourceTree = "<group>"; };
		1D3623250D0F684500981E51 /* GorillasAppDelegate.m */ = {isa = PBXFileReference; fileEncoding = 4; lastKnownFileType = sourcecode.c.objc; path = GorillasAppDelegate.m; sourceTree = "<group>"; };
		1D6058910D05DD3D006BFB54 /* Gorillas.app */ = {isa = PBXFileReference; explicitFileType = wrapper.application; includeInIndex = 0; path = Gorillas.app; sourceTree = BUILT_PRODUCTS_DIR; };
		1DF5F4DF0D08C38300B7A737 /* UIKit.framework */ = {isa = PBXFileReference; lastKnownFileType = wrapper.framework; name = UIKit.framework; path = System/Library/Frameworks/UIKit.framework; sourceTree = SDKROOT; };
		288765FC0DF74451002DB57D /* CoreGraphics.framework */ = {isa = PBXFileReference; lastKnownFileType = wrapper.framework; name = CoreGraphics.framework; path = System/Library/Frameworks/CoreGraphics.framework; sourceTree = SDKROOT; };
		29B97316FDCFA39411CA2CEA /* main.m */ = {isa = PBXFileReference; fileEncoding = 4; lastKnownFileType = sourcecode.c.objc; path = main.m; sourceTree = "<group>"; };
		32CA4F630368D1EE00C91783 /* Gorillas_Prefix.pch */ = {isa = PBXFileReference; fileEncoding = 4; lastKnownFileType = sourcecode.c.h; path = Gorillas_Prefix.pch; sourceTree = "<group>"; };
		8D1107310486CEB800E47090 /* Info.plist */ = {isa = PBXFileReference; fileEncoding = 4; lastKnownFileType = text.plist.xml; path = Info.plist; sourceTree = "<group>"; };
		DA126C8D0EDDF19100EADDE2 /* Utility.h */ = {isa = PBXFileReference; fileEncoding = 4; lastKnownFileType = sourcecode.c.h; path = Utility.h; sourceTree = "<group>"; };
		DA126C8E0EDDF19100EADDE2 /* Utility.m */ = {isa = PBXFileReference; fileEncoding = 4; lastKnownFileType = sourcecode.c.objc; path = Utility.m; sourceTree = "<group>"; };
		DA16C3250EEBDE7900E46246 /* Resettable.h */ = {isa = PBXFileReference; fileEncoding = 4; lastKnownFileType = sourcecode.c.h; path = Resettable.h; sourceTree = "<group>"; };
		DA16C3550EEC3D2200E46246 /* icon.png */ = {isa = PBXFileReference; lastKnownFileType = image.png; path = icon.png; sourceTree = "<group>"; };
		DA16C5170EEC855900E46246 /* ShadeTo.h */ = {isa = PBXFileReference; fileEncoding = 4; lastKnownFileType = sourcecode.c.h; path = ShadeTo.h; sourceTree = "<group>"; };
		DA16C5180EEC856200E46246 /* ShadeTo.m */ = {isa = PBXFileReference; fileEncoding = 4; lastKnownFileType = sourcecode.c.objc; path = ShadeTo.m; sourceTree = "<group>"; };
		DA2282FE0EE204AF00BA53D2 /* ExplosionAnimationLayer.h */ = {isa = PBXFileReference; fileEncoding = 4; lastKnownFileType = sourcecode.c.h; path = ExplosionAnimationLayer.h; sourceTree = "<group>"; };
		DA2282FF0EE204AF00BA53D2 /* ExplosionAnimationLayer.m */ = {isa = PBXFileReference; fileEncoding = 4; lastKnownFileType = sourcecode.c.objc; path = ExplosionAnimationLayer.m; sourceTree = "<group>"; };
		DA2283090EE2CAC600BA53D2 /* hole.png */ = {isa = PBXFileReference; lastKnownFileType = image.png; path = hole.png; sourceTree = "<group>"; };
		DA34006B0EB516D800B68C06 /* StatisticsLayer.h */ = {isa = PBXFileReference; fileEncoding = 4; lastKnownFileType = sourcecode.c.h; path = StatisticsLayer.h; sourceTree = "<group>"; };
		DA34006C0EB516D800B68C06 /* StatisticsLayer.m */ = {isa = PBXFileReference; fileEncoding = 4; lastKnownFileType = sourcecode.c.objc; path = StatisticsLayer.m; sourceTree = "<group>"; };
		DA34006E0EB516F400B68C06 /* ConfigurationLayer.h */ = {isa = PBXFileReference; fileEncoding = 4; lastKnownFileType = sourcecode.c.h; path = ConfigurationLayer.h; sourceTree = "<group>"; };
		DA34006F0EB516F400B68C06 /* ConfigurationLayer.m */ = {isa = PBXFileReference; fileEncoding = 4; lastKnownFileType = sourcecode.c.objc; path = ConfigurationLayer.m; sourceTree = "<group>"; };
		DA34FD0E0EB4851D00B68C06 /* PanAction.h */ = {isa = PBXFileReference; fileEncoding = 4; lastKnownFileType = sourcecode.c.h; path = PanAction.h; sourceTree = "<group>"; };
		DA34FD0F0EB4851D00B68C06 /* PanAction.m */ = {isa = PBXFileReference; fileEncoding = 4; lastKnownFileType = sourcecode.c.objc; path = PanAction.m; sourceTree = "<group>"; };
		DA34FD7B0EB49F4000B68C06 /* BuildingsLayer.h */ = {isa = PBXFileReference; fileEncoding = 4; lastKnownFileType = sourcecode.c.h; path = BuildingsLayer.h; sourceTree = "<group>"; };
		DA34FD7C0EB49F4000B68C06 /* BuildingsLayer.m */ = {isa = PBXFileReference; fileEncoding = 4; lastKnownFileType = sourcecode.c.objc; path = BuildingsLayer.m; sourceTree = "<group>"; };
		DA34FD7E0EB49FFB00B68C06 /* SkyLayer.h */ = {isa = PBXFileReference; fileEncoding = 4; lastKnownFileType = sourcecode.c.h; path = SkyLayer.h; sourceTree = "<group>"; };
		DA34FD7F0EB49FFB00B68C06 /* SkyLayer.m */ = {isa = PBXFileReference; fileEncoding = 4; lastKnownFileType = sourcecode.c.objc; path = SkyLayer.m; sourceTree = "<group>"; };
		DA34FE1A0EB4AE5400B68C06 /* SkiesLayer.h */ = {isa = PBXFileReference; fileEncoding = 4; lastKnownFileType = sourcecode.c.h; path = SkiesLayer.h; sourceTree = "<group>"; };
		DA34FE1B0EB4AE5400B68C06 /* SkiesLayer.m */ = {isa = PBXFileReference; fileEncoding = 4; lastKnownFileType = sourcecode.c.objc; path = SkiesLayer.m; sourceTree = "<group>"; };
		DA34FF6A0EB4E48E00B68C06 /* ShadeLayer.h */ = {isa = PBXFileReference; fileEncoding = 4; lastKnownFileType = sourcecode.c.h; path = ShadeLayer.h; sourceTree = "<group>"; };
		DA34FF6B0EB4E48E00B68C06 /* ShadeLayer.m */ = {isa = PBXFileReference; fileEncoding = 4; lastKnownFileType = sourcecode.c.objc; path = ShadeLayer.m; sourceTree = "<group>"; };
		DA34FFA80EB4EEF300B68C06 /* MainMenuLayer.h */ = {isa = PBXFileReference; fileEncoding = 4; lastKnownFileType = sourcecode.c.h; path = MainMenuLayer.h; sourceTree = "<group>"; };
		DA34FFA90EB4EEF300B68C06 /* MainMenuLayer.m */ = {isa = PBXFileReference; fileEncoding = 4; lastKnownFileType = sourcecode.c.objc; path = MainMenuLayer.m; sourceTree = "<group>"; };
		DA4F49F70EF3243C0062E0E8 /* InformationLayer.h */ = {isa = PBXFileReference; fileEncoding = 4; lastKnownFileType = sourcecode.c.h; path = InformationLayer.h; sourceTree = "<group>"; };
		DA4F49F80EF3243C0062E0E8 /* InformationLayer.m */ = {isa = PBXFileReference; fileEncoding = 4; lastKnownFileType = sourcecode.c.objc; path = InformationLayer.m; sourceTree = "<group>"; };
		DA4F4A240EF327A30062E0E8 /* GuideLayer.h */ = {isa = PBXFileReference; fileEncoding = 4; lastKnownFileType = sourcecode.c.h; path = GuideLayer.h; sourceTree = "<group>"; };
		DA4F4A250EF327A30062E0E8 /* GuideLayer.m */ = {isa = PBXFileReference; fileEncoding = 4; lastKnownFileType = sourcecode.c.objc; path = GuideLayer.m; sourceTree = "<group>"; };
		DA4F4AF50EF3E8F60062E0E8 /* cocos2d.h */ = {isa = PBXFileReference; fileEncoding = 4; lastKnownFileType = sourcecode.c.h; path = cocos2d.h; sourceTree = "<group>"; };
		DA4F4AF60EF3E8F60062E0E8 /* cocos2d.m */ = {isa = PBXFileReference; fileEncoding = 4; lastKnownFileType = sourcecode.c.objc; path = cocos2d.m; sourceTree = "<group>"; };
		DA4F4AF70EF3E8F60062E0E8 /* Scheduler.h */ = {isa = PBXFileReference; fileEncoding = 4; lastKnownFileType = sourcecode.c.h; path = Scheduler.h; sourceTree = "<group>"; };
		DA4F4AF80EF3E8F60062E0E8 /* Scheduler.m */ = {isa = PBXFileReference; fileEncoding = 4; lastKnownFileType = sourcecode.c.objc; path = Scheduler.m; sourceTree = "<group>"; };
		DA4F4AF90EF3E8F60062E0E8 /* TextureNode.h */ = {isa = PBXFileReference; fileEncoding = 4; lastKnownFileType = sourcecode.c.h; path = TextureNode.h; sourceTree = "<group>"; };
		DA4F4AFA0EF3E8F60062E0E8 /* TextureNode.m */ = {isa = PBXFileReference; fileEncoding = 4; lastKnownFileType = sourcecode.c.objc; path = TextureNode.m; sourceTree = "<group>"; };
		DA4F4AFB0EF3E8F60062E0E8 /* ParticleSystems.h */ = {isa = PBXFileReference; fileEncoding = 4; lastKnownFileType = sourcecode.c.h; path = ParticleSystems.h; sourceTree = "<group>"; };
		DA4F4AFC0EF3E8F60062E0E8 /* ParticleSystems.m */ = {isa = PBXFileReference; fileEncoding = 4; lastKnownFileType = sourcecode.c.objc; path = ParticleSystems.m; sourceTree = "<group>"; };
		DA4F4AFD0EF3E8F60062E0E8 /* Particle.h */ = {isa = PBXFileReference; fileEncoding = 4; lastKnownFileType = sourcecode.c.h; path = Particle.h; sourceTree = "<group>"; };
		DA4F4AFE0EF3E8F60062E0E8 /* Particle.m */ = {isa = PBXFileReference; fileEncoding = 4; lastKnownFileType = sourcecode.c.objc; path = Particle.m; sourceTree = "<group>"; };
		DA4F4AFF0EF3E8F60062E0E8 /* Primitives.h */ = {isa = PBXFileReference; fileEncoding = 4; lastKnownFileType = sourcecode.c.h; path = Primitives.h; sourceTree = "<group>"; };
		DA4F4B000EF3E8F60062E0E8 /* Primitives.m */ = {isa = PBXFileReference; fileEncoding = 4; lastKnownFileType = sourcecode.c.objc; path = Primitives.m; sourceTree = "<group>"; };
		DA4F4B010EF3E8F60062E0E8 /* Transition.h */ = {isa = PBXFileReference; fileEncoding = 4; lastKnownFileType = sourcecode.c.h; path = Transition.h; sourceTree = "<group>"; };
		DA4F4B020EF3E8F60062E0E8 /* Transition.m */ = {isa = PBXFileReference; fileEncoding = 4; lastKnownFileType = sourcecode.c.objc; path = Transition.m; sourceTree = "<group>"; };
		DA4F4B030EF3E8F60062E0E8 /* CameraAction.h */ = {isa = PBXFileReference; fileEncoding = 4; lastKnownFileType = sourcecode.c.h; path = CameraAction.h; sourceTree = "<group>"; };
		DA4F4B040EF3E8F60062E0E8 /* CameraAction.m */ = {isa = PBXFileReference; fileEncoding = 4; lastKnownFileType = sourcecode.c.objc; path = CameraAction.m; sourceTree = "<group>"; };
		DA4F4B050EF3E8F60062E0E8 /* Camera.h */ = {isa = PBXFileReference; fileEncoding = 4; lastKnownFileType = sourcecode.c.h; path = Camera.h; sourceTree = "<group>"; };
		DA4F4B060EF3E8F60062E0E8 /* Camera.m */ = {isa = PBXFileReference; fileEncoding = 4; lastKnownFileType = sourcecode.c.objc; path = Camera.m; sourceTree = "<group>"; };
		DA4F4B070EF3E8F60062E0E8 /* MenuItem.h */ = {isa = PBXFileReference; fileEncoding = 4; lastKnownFileType = sourcecode.c.h; path = MenuItem.h; sourceTree = "<group>"; };
		DA4F4B080EF3E8F60062E0E8 /* MenuItem.m */ = {isa = PBXFileReference; fileEncoding = 4; lastKnownFileType = sourcecode.c.objc; path = MenuItem.m; sourceTree = "<group>"; };
		DA4F4B090EF3E8F60062E0E8 /* Menu.h */ = {isa = PBXFileReference; fileEncoding = 4; lastKnownFileType = sourcecode.c.h; path = Menu.h; sourceTree = "<group>"; };
		DA4F4B0A0EF3E8F60062E0E8 /* Menu.m */ = {isa = PBXFileReference; fileEncoding = 4; lastKnownFileType = sourcecode.c.objc; path = Menu.m; sourceTree = "<group>"; };
		DA4F4B0B0EF3E8F60062E0E8 /* CocosNode.h */ = {isa = PBXFileReference; fileEncoding = 4; lastKnownFileType = sourcecode.c.h; path = CocosNode.h; sourceTree = "<group>"; };
		DA4F4B0C0EF3E8F60062E0E8 /* CocosNode.m */ = {isa = PBXFileReference; fileEncoding = 4; lastKnownFileType = sourcecode.c.objc; path = CocosNode.m; sourceTree = "<group>"; };
		DA4F4B0D0EF3E8F60062E0E8 /* Director.h */ = {isa = PBXFileReference; fileEncoding = 4; lastKnownFileType = sourcecode.c.h; path = Director.h; sourceTree = "<group>"; };
		DA4F4B0E0EF3E8F60062E0E8 /* Director.m */ = {isa = PBXFileReference; fileEncoding = 4; lastKnownFileType = sourcecode.c.objc; path = Director.m; sourceTree = "<group>"; };
		DA4F4B0F0EF3E8F60062E0E8 /* Action.h */ = {isa = PBXFileReference; fileEncoding = 4; lastKnownFileType = sourcecode.c.h; path = Action.h; sourceTree = "<group>"; };
		DA4F4B100EF3E8F60062E0E8 /* Action.m */ = {isa = PBXFileReference; fileEncoding = 4; lastKnownFileType = sourcecode.c.objc; path = Action.m; sourceTree = "<group>"; };
		DA4F4B110EF3E8F60062E0E8 /* InstantAction.h */ = {isa = PBXFileReference; fileEncoding = 4; lastKnownFileType = sourcecode.c.h; path = InstantAction.h; sourceTree = "<group>"; };
		DA4F4B120EF3E8F60062E0E8 /* InstantAction.m */ = {isa = PBXFileReference; fileEncoding = 4; lastKnownFileType = sourcecode.c.objc; path = InstantAction.m; sourceTree = "<group>"; };
		DA4F4B130EF3E8F60062E0E8 /* IntervalAction.h */ = {isa = PBXFileReference; fileEncoding = 4; lastKnownFileType = sourcecode.c.h; path = IntervalAction.h; sourceTree = "<group>"; };
		DA4F4B140EF3E8F60062E0E8 /* IntervalAction.m */ = {isa = PBXFileReference; fileEncoding = 4; lastKnownFileType = sourcecode.c.objc; path = IntervalAction.m; sourceTree = "<group>"; };
		DA4F4B150EF3E8F60062E0E8 /* Label.h */ = {isa = PBXFileReference; fileEncoding = 4; lastKnownFileType = sourcecode.c.h; path = Label.h; sourceTree = "<group>"; };
		DA4F4B160EF3E8F60062E0E8 /* Label.m */ = {isa = PBXFileReference; fileEncoding = 4; lastKnownFileType = sourcecode.c.objc; path = Label.m; sourceTree = "<group>"; };
		DA4F4B170EF3E8F60062E0E8 /* Layer.h */ = {isa = PBXFileReference; fileEncoding = 4; lastKnownFileType = sourcecode.c.h; path = Layer.h; sourceTree = "<group>"; };
		DA4F4B180EF3E8F60062E0E8 /* Layer.m */ = {isa = PBXFileReference; fileEncoding = 4; lastKnownFileType = sourcecode.c.objc; path = Layer.m; sourceTree = "<group>"; };
		DA4F4B190EF3E8F60062E0E8 /* Scene.h */ = {isa = PBXFileReference; fileEncoding = 4; lastKnownFileType = sourcecode.c.h; path = Scene.h; sourceTree = "<group>"; };
		DA4F4B1A0EF3E8F60062E0E8 /* Scene.m */ = {isa = PBXFileReference; fileEncoding = 4; lastKnownFileType = sourcecode.c.objc; path = Scene.m; sourceTree = "<group>"; };
		DA4F4B1B0EF3E8F60062E0E8 /* Sprite.h */ = {isa = PBXFileReference; fileEncoding = 4; lastKnownFileType = sourcecode.c.h; path = Sprite.h; sourceTree = "<group>"; };
		DA4F4B1C0EF3E8F60062E0E8 /* Sprite.m */ = {isa = PBXFileReference; fileEncoding = 4; lastKnownFileType = sourcecode.c.objc; path = Sprite.m; sourceTree = "<group>"; };
		DA4F4B1D0EF3E8F60062E0E8 /* TextureMgr.h */ = {isa = PBXFileReference; fileEncoding = 4; lastKnownFileType = sourcecode.c.h; path = TextureMgr.h; sourceTree = "<group>"; };
		DA4F4B1E0EF3E8F60062E0E8 /* TextureMgr.m */ = {isa = PBXFileReference; fileEncoding = 4; lastKnownFileType = sourcecode.c.objc; path = TextureMgr.m; sourceTree = "<group>"; };
		DA4F4B1F0EF3E8F60062E0E8 /* types.h */ = {isa = PBXFileReference; fileEncoding = 4; lastKnownFileType = sourcecode.c.h; path = types.h; sourceTree = "<group>"; };
		DA4F4B200EF3E8F60062E0E8 /* TextureAtlas.h */ = {isa = PBXFileReference; fileEncoding = 4; lastKnownFileType = sourcecode.c.h; path = TextureAtlas.h; sourceTree = "<group>"; };
		DA4F4B210EF3E8F60062E0E8 /* TextureAtlas.m */ = {isa = PBXFileReference; fileEncoding = 4; lastKnownFileType = sourcecode.c.objc; path = TextureAtlas.m; sourceTree = "<group>"; };
		DA4F4B220EF3E8F60062E0E8 /* LabelAtlas.h */ = {isa = PBXFileReference; fileEncoding = 4; lastKnownFileType = sourcecode.c.h; path = LabelAtlas.h; sourceTree = "<group>"; };
		DA4F4B230EF3E8F60062E0E8 /* LabelAtlas.m */ = {isa = PBXFileReference; fileEncoding = 4; lastKnownFileType = sourcecode.c.objc; path = LabelAtlas.m; sourceTree = "<group>"; };
		DA4F4B240EF3E8F60062E0E8 /* TileMapAtlas.h */ = {isa = PBXFileReference; fileEncoding = 4; lastKnownFileType = sourcecode.c.h; path = TileMapAtlas.h; sourceTree = "<group>"; };
		DA4F4B250EF3E8F60062E0E8 /* TileMapAtlas.m */ = {isa = PBXFileReference; fileEncoding = 4; lastKnownFileType = sourcecode.c.objc; path = TileMapAtlas.m; sourceTree = "<group>"; };
		DA4F4B260EF3E8F60062E0E8 /* AtlasNode.h */ = {isa = PBXFileReference; fileEncoding = 4; lastKnownFileType = sourcecode.c.h; path = AtlasNode.h; sourceTree = "<group>"; };
		DA4F4B270EF3E8F60062E0E8 /* AtlasNode.m */ = {isa = PBXFileReference; fileEncoding = 4; lastKnownFileType = sourcecode.c.objc; path = AtlasNode.m; sourceTree = "<group>"; };
		DA4F4B5D0EF3E9030062E0E8 /* chipmunk.c */ = {isa = PBXFileReference; fileEncoding = 4; lastKnownFileType = sourcecode.c.c; name = chipmunk.c; path = src/chipmunk.c; sourceTree = "<group>"; };
		DA4F4B5E0EF3E9030062E0E8 /* chipmunk.h */ = {isa = PBXFileReference; fileEncoding = 4; lastKnownFileType = sourcecode.c.h; name = chipmunk.h; path = src/chipmunk.h; sourceTree = "<group>"; };
		DA4F4B5F0EF3E9030062E0E8 /* CMakeLists.txt */ = {isa = PBXFileReference; fileEncoding = 4; lastKnownFileType = text; name = CMakeLists.txt; path = src/CMakeLists.txt; sourceTree = "<group>"; };
		DA4F4B600EF3E9030062E0E8 /* cpArbiter.c */ = {isa = PBXFileReference; fileEncoding = 4; lastKnownFileType = sourcecode.c.c; name = cpArbiter.c; path = src/cpArbiter.c; sourceTree = "<group>"; };
		DA4F4B610EF3E9030062E0E8 /* cpArbiter.h */ = {isa = PBXFileReference; fileEncoding = 4; lastKnownFileType = sourcecode.c.h; name = cpArbiter.h; path = src/cpArbiter.h; sourceTree = "<group>"; };
		DA4F4B620EF3E9030062E0E8 /* cpArray.c */ = {isa = PBXFileReference; fileEncoding = 4; lastKnownFileType = sourcecode.c.c; name = cpArray.c; path = src/cpArray.c; sourceTree = "<group>"; };
		DA4F4B630EF3E9030062E0E8 /* cpArray.h */ = {isa = PBXFileReference; fileEncoding = 4; lastKnownFileType = sourcecode.c.h; name = cpArray.h; path = src/cpArray.h; sourceTree = "<group>"; };
		DA4F4B640EF3E9030062E0E8 /* cpBB.c */ = {isa = PBXFileReference; fileEncoding = 4; lastKnownFileType = sourcecode.c.c; name = cpBB.c; path = src/cpBB.c; sourceTree = "<group>"; };
		DA4F4B650EF3E9030062E0E8 /* cpBB.h */ = {isa = PBXFileReference; fileEncoding = 4; lastKnownFileType = sourcecode.c.h; name = cpBB.h; path = src/cpBB.h; sourceTree = "<group>"; };
		DA4F4B660EF3E9030062E0E8 /* cpBody.c */ = {isa = PBXFileReference; fileEncoding = 4; lastKnownFileType = sourcecode.c.c; name = cpBody.c; path = src/cpBody.c; sourceTree = "<group>"; };
		DA4F4B670EF3E9030062E0E8 /* cpBody.h */ = {isa = PBXFileReference; fileEncoding = 4; lastKnownFileType = sourcecode.c.h; name = cpBody.h; path = src/cpBody.h; sourceTree = "<group>"; };
		DA4F4B680EF3E9030062E0E8 /* cpCollision.c */ = {isa = PBXFileReference; fileEncoding = 4; lastKnownFileType = sourcecode.c.c; name = cpCollision.c; path = src/cpCollision.c; sourceTree = "<group>"; };
		DA4F4B690EF3E9030062E0E8 /* cpCollision.h */ = {isa = PBXFileReference; fileEncoding = 4; lastKnownFileType = sourcecode.c.h; name = cpCollision.h; path = src/cpCollision.h; sourceTree = "<group>"; };
		DA4F4B6A0EF3E9030062E0E8 /* cpHashSet.c */ = {isa = PBXFileReference; fileEncoding = 4; lastKnownFileType = sourcecode.c.c; name = cpHashSet.c; path = src/cpHashSet.c; sourceTree = "<group>"; };
		DA4F4B6B0EF3E9030062E0E8 /* cpHashSet.h */ = {isa = PBXFileReference; fileEncoding = 4; lastKnownFileType = sourcecode.c.h; name = cpHashSet.h; path = src/cpHashSet.h; sourceTree = "<group>"; };
		DA4F4B6C0EF3E9030062E0E8 /* cpJoint.c */ = {isa = PBXFileReference; fileEncoding = 4; lastKnownFileType = sourcecode.c.c; name = cpJoint.c; path = src/cpJoint.c; sourceTree = "<group>"; };
		DA4F4B6D0EF3E9030062E0E8 /* cpJoint.h */ = {isa = PBXFileReference; fileEncoding = 4; lastKnownFileType = sourcecode.c.h; name = cpJoint.h; path = src/cpJoint.h; sourceTree = "<group>"; };
		DA4F4B6E0EF3E9030062E0E8 /* cpPolyShape.c */ = {isa = PBXFileReference; fileEncoding = 4; lastKnownFileType = sourcecode.c.c; name = cpPolyShape.c; path = src/cpPolyShape.c; sourceTree = "<group>"; };
		DA4F4B6F0EF3E9030062E0E8 /* cpPolyShape.h */ = {isa = PBXFileReference; fileEncoding = 4; lastKnownFileType = sourcecode.c.h; name = cpPolyShape.h; path = src/cpPolyShape.h; sourceTree = "<group>"; };
		DA4F4B700EF3E9030062E0E8 /* cpShape.c */ = {isa = PBXFileReference; fileEncoding = 4; lastKnownFileType = sourcecode.c.c; name = cpShape.c; path = src/cpShape.c; sourceTree = "<group>"; };
		DA4F4B710EF3E9030062E0E8 /* cpShape.h */ = {isa = PBXFileReference; fileEncoding = 4; lastKnownFileType = sourcecode.c.h; name = cpShape.h; path = src/cpShape.h; sourceTree = "<group>"; };
		DA4F4B720EF3E9030062E0E8 /* cpSpace.c */ = {isa = PBXFileReference; fileEncoding = 4; lastKnownFileType = sourcecode.c.c; name = cpSpace.c; path = src/cpSpace.c; sourceTree = "<group>"; };
		DA4F4B730EF3E9030062E0E8 /* cpSpace.h */ = {isa = PBXFileReference; fileEncoding = 4; lastKnownFileType = sourcecode.c.h; name = cpSpace.h; path = src/cpSpace.h; sourceTree = "<group>"; };
		DA4F4B740EF3E9030062E0E8 /* cpSpaceHash.c */ = {isa = PBXFileReference; fileEncoding = 4; lastKnownFileType = sourcecode.c.c; name = cpSpaceHash.c; path = src/cpSpaceHash.c; sourceTree = "<group>"; };
		DA4F4B750EF3E9030062E0E8 /* cpSpaceHash.h */ = {isa = PBXFileReference; fileEncoding = 4; lastKnownFileType = sourcecode.c.h; name = cpSpaceHash.h; path = src/cpSpaceHash.h; sourceTree = "<group>"; };
		DA4F4B760EF3E9030062E0E8 /* cpVect.c */ = {isa = PBXFileReference; fileEncoding = 4; lastKnownFileType = sourcecode.c.c; name = cpVect.c; path = src/cpVect.c; sourceTree = "<group>"; };
		DA4F4B770EF3E9030062E0E8 /* cpVect.h */ = {isa = PBXFileReference; fileEncoding = 4; lastKnownFileType = sourcecode.c.h; name = cpVect.h; path = src/cpVect.h; sourceTree = "<group>"; };
		DA4F4B780EF3E9030062E0E8 /* prime.h */ = {isa = PBXFileReference; fileEncoding = 4; lastKnownFileType = sourcecode.c.h; name = prime.h; path = src/prime.h; sourceTree = "<group>"; };
		DA4F4B940EF3E90D0062E0E8 /* EAGLView.h */ = {isa = PBXFileReference; fileEncoding = 4; lastKnownFileType = sourcecode.c.h; name = EAGLView.h; path = "../cocos2d-iphone-0.6.1/cocos2d/Support/EAGLView.h"; sourceTree = SOURCE_ROOT; };
		DA4F4B950EF3E90D0062E0E8 /* EAGLView.m */ = {isa = PBXFileReference; fileEncoding = 4; lastKnownFileType = sourcecode.c.objc; name = EAGLView.m; path = "../cocos2d-iphone-0.6.1/cocos2d/Support/EAGLView.m"; sourceTree = SOURCE_ROOT; };
		DA4F4B960EF3E90D0062E0E8 /* glu.c */ = {isa = PBXFileReference; fileEncoding = 4; lastKnownFileType = sourcecode.c.c; name = glu.c; path = "../cocos2d-iphone-0.6.1/cocos2d/Support/glu.c"; sourceTree = SOURCE_ROOT; };
		DA4F4B970EF3E90D0062E0E8 /* glu.h */ = {isa = PBXFileReference; fileEncoding = 4; lastKnownFileType = sourcecode.c.h; name = glu.h; path = "../cocos2d-iphone-0.6.1/cocos2d/Support/glu.h"; sourceTree = SOURCE_ROOT; };
		DA4F4B980EF3E90D0062E0E8 /* OpenGL_Internal.h */ = {isa = PBXFileReference; fileEncoding = 4; lastKnownFileType = sourcecode.c.h; name = OpenGL_Internal.h; path = "../cocos2d-iphone-0.6.1/cocos2d/Support/OpenGL_Internal.h"; sourceTree = SOURCE_ROOT; };
		DA4F4B990EF3E90D0062E0E8 /* Texture2D.h */ = {isa = PBXFileReference; fileEncoding = 4; lastKnownFileType = sourcecode.c.h; name = Texture2D.h; path = "../cocos2d-iphone-0.6.1/cocos2d/Support/Texture2D.h"; sourceTree = SOURCE_ROOT; };
		DA4F4B9A0EF3E90D0062E0E8 /* Texture2D.m */ = {isa = PBXFileReference; fileEncoding = 4; lastKnownFileType = sourcecode.c.objc; name = Texture2D.m; path = "../cocos2d-iphone-0.6.1/cocos2d/Support/Texture2D.m"; sourceTree = SOURCE_ROOT; };
		DA4F4B9C0EF3E90D0062E0E8 /* TGAlib.c */ = {isa = PBXFileReference; fileEncoding = 4; lastKnownFileType = sourcecode.c.c; name = TGAlib.c; path = "../cocos2d-iphone-0.6.1/cocos2d/Support/TGAlib.c"; sourceTree = SOURCE_ROOT; };
		DA4F4B9D0EF3E90D0062E0E8 /* TGAlib.h */ = {isa = PBXFileReference; fileEncoding = 4; lastKnownFileType = sourcecode.c.h; name = TGAlib.h; path = "../cocos2d-iphone-0.6.1/cocos2d/Support/TGAlib.h"; sourceTree = SOURCE_ROOT; };
		DA5F1BD40EE74CE80041691E /* fps_images.png */ = {isa = PBXFileReference; lastKnownFileType = image.png; path = fps_images.png; sourceTree = "<group>"; };
		DA6314C00EFAEA06007D203B /* TestLayer.h */ = {isa = PBXFileReference; fileEncoding = 4; lastKnownFileType = sourcecode.c.h; name = TestLayer.h; path = Classes/TestLayer.h; sourceTree = "<group>"; };
		DA6314C10EFAEA06007D203B /* TestLayer.m */ = {isa = PBXFileReference; fileEncoding = 4; lastKnownFileType = sourcecode.c.objc; name = TestLayer.m; path = Classes/TestLayer.m; sourceTree = "<group>"; };
		DA6314C30EFAEAD0007D203B /* FancyLayer.h */ = {isa = PBXFileReference; fileEncoding = 4; lastKnownFileType = sourcecode.c.h; path = FancyLayer.h; sourceTree = "<group>"; };
		DA6314C40EFAEAD0007D203B /* FancyLayer.m */ = {isa = PBXFileReference; fileEncoding = 4; lastKnownFileType = sourcecode.c.objc; path = FancyLayer.m; sourceTree = "<group>"; };
		DA6C17CC0EC0F698006D43BD /* ExplosionLayer.h */ = {isa = PBXFileReference; fileEncoding = 4; lastKnownFileType = sourcecode.c.h; path = ExplosionLayer.h; sourceTree = "<group>"; };
		DA6C17CD0EC0F698006D43BD /* ExplosionLayer.m */ = {isa = PBXFileReference; fileEncoding = 4; lastKnownFileType = sourcecode.c.objc; path = ExplosionLayer.m; sourceTree = "<group>"; };
		DA7547F40EAB66D40083EC7C /* GameLayer.h */ = {isa = PBXFileReference; fileEncoding = 4; lastKnownFileType = sourcecode.c.h; path = GameLayer.h; sourceTree = "<group>"; };
		DA7547F50EAB66D40083EC7C /* GameLayer.m */ = {isa = PBXFileReference; fileEncoding = 4; lastKnownFileType = sourcecode.c.objc; path = GameLayer.m; sourceTree = "<group>"; };
		DA75482B0EAB77450083EC7C /* OpenGLES.framework */ = {isa = PBXFileReference; lastKnownFileType = wrapper.framework; name = OpenGLES.framework; path = System/Library/Frameworks/OpenGLES.framework; sourceTree = SDKROOT; };
		DA75496C0EAB77970083EC7C /* QuartzCore.framework */ = {isa = PBXFileReference; lastKnownFileType = wrapper.framework; name = QuartzCore.framework; path = System/Library/Frameworks/QuartzCore.framework; sourceTree = SDKROOT; };
		DA859C4E0EC4F3950036B7C0 /* GorillaLayer.h */ = {isa = PBXFileReference; fileEncoding = 4; lastKnownFileType = sourcecode.c.h; path = GorillaLayer.h; sourceTree = "<group>"; };
		DA859C4F0EC4F3950036B7C0 /* GorillaLayer.m */ = {isa = PBXFileReference; fileEncoding = 4; lastKnownFileType = sourcecode.c.objc; path = GorillaLayer.m; sourceTree = "<group>"; };
		DA859E6E0EC598E10036B7C0 /* BananaLayer.h */ = {isa = PBXFileReference; fileEncoding = 4; lastKnownFileType = sourcecode.c.h; path = BananaLayer.h; sourceTree = "<group>"; };
		DA859E6F0EC598E10036B7C0 /* BananaLayer.m */ = {isa = PBXFileReference; fileEncoding = 4; lastKnownFileType = sourcecode.c.objc; path = BananaLayer.m; sourceTree = "<group>"; };
		DA859EC20EC5B2510036B7C0 /* AudioPlayer.h */ = {isa = PBXFileReference; fileEncoding = 4; lastKnownFileType = sourcecode.c.h; path = AudioPlayer.h; sourceTree = "<group>"; };
		DA859EC30EC5B2510036B7C0 /* AudioPlayer.m */ = {isa = PBXFileReference; fileEncoding = 4; lastKnownFileType = sourcecode.c.objc; path = AudioPlayer.m; sourceTree = "<group>"; };
		DA859EC50EC5B2630036B7C0 /* AudioController.h */ = {isa = PBXFileReference; fileEncoding = 4; lastKnownFileType = sourcecode.c.h; path = AudioController.h; sourceTree = "<group>"; };
		DA859EC60EC5B2630036B7C0 /* AudioController.m */ = {isa = PBXFileReference; fileEncoding = 4; lastKnownFileType = sourcecode.c.objc; path = AudioController.m; sourceTree = "<group>"; };
		DA859EC70EC5B2630036B7C0 /* AudioQueueObject.h */ = {isa = PBXFileReference; fileEncoding = 4; lastKnownFileType = sourcecode.c.h; path = AudioQueueObject.h; sourceTree = "<group>"; };
		DA859EC80EC5B2630036B7C0 /* AudioQueueObject.m */ = {isa = PBXFileReference; fileEncoding = 4; lastKnownFileType = sourcecode.c.objc; path = AudioQueueObject.m; sourceTree = "<group>"; };
		DA859F200EC5BB0E0036B7C0 /* AudioToolbox.framework */ = {isa = PBXFileReference; lastKnownFileType = wrapper.framework; name = AudioToolbox.framework; path = System/Library/Frameworks/AudioToolbox.framework; sourceTree = SDKROOT; };
		DAAC33230EC5E26800816338 /* veritech.wav */ = {isa = PBXFileReference; lastKnownFileType = audio.wav; path = veritech.wav; sourceTree = "<group>"; };
		DAB46AA70EC85E7400F17B3F /* HUDLayer.h */ = {isa = PBXFileReference; fileEncoding = 4; lastKnownFileType = sourcecode.c.h; path = HUDLayer.h; sourceTree = "<group>"; };
		DAB46AA80EC85E7400F17B3F /* HUDLayer.m */ = {isa = PBXFileReference; fileEncoding = 4; lastKnownFileType = sourcecode.c.objc; path = HUDLayer.m; sourceTree = "<group>"; };
		DAB609A10EDCBA4600FC200F /* explosion0.png */ = {isa = PBXFileReference; lastKnownFileType = image.png; path = explosion0.png; sourceTree = "<group>"; };
		DAB609A20EDCBA4600FC200F /* explosion1.png */ = {isa = PBXFileReference; lastKnownFileType = image.png; path = explosion1.png; sourceTree = "<group>"; };
		DAB609A30EDCBA4600FC200F /* explosion2.png */ = {isa = PBXFileReference; lastKnownFileType = image.png; path = explosion2.png; sourceTree = "<group>"; };
		DAB609A40EDCBA4600FC200F /* explosion3.png */ = {isa = PBXFileReference; lastKnownFileType = image.png; path = explosion3.png; sourceTree = "<group>"; };
		DAB609A50EDCBA4600FC200F /* explosion4.png */ = {isa = PBXFileReference; lastKnownFileType = image.png; path = explosion4.png; sourceTree = "<group>"; };
		DAB8C42C0EF1D582003D22DA /* ContinueMenuLayer.h */ = {isa = PBXFileReference; fileEncoding = 4; lastKnownFileType = sourcecode.c.h; path = ContinueMenuLayer.h; sourceTree = "<group>"; };
		DAB8C42D0EF1D582003D22DA /* ContinueMenuLayer.m */ = {isa = PBXFileReference; fileEncoding = 4; lastKnownFileType = sourcecode.c.objc; path = ContinueMenuLayer.m; sourceTree = "<group>"; };
		DAC4E93E0EDAF37B0093BA40 /* gorilla.png */ = {isa = PBXFileReference; lastKnownFileType = image.png; path = gorilla.png; sourceTree = "<group>"; };
		DAC4E9C60EDAF86F0093BA40 /* gorilla.gif */ = {isa = PBXFileReference; lastKnownFileType = image.gif; path = gorilla.gif; sourceTree = "<group>"; };
		DAC4EA220EDB0A610093BA40 /* banana.png */ = {isa = PBXFileReference; lastKnownFileType = image.png; path = banana.png; sourceTree = "<group>"; };
		DACA4E6C0EB3AEA40096F970 /* BuildingLayer.h */ = {isa = PBXFileReference; fileEncoding = 4; lastKnownFileType = sourcecode.c.h; path = BuildingLayer.h; sourceTree = "<group>"; };
		DACA4E6D0EB3AEA40096F970 /* BuildingLayer.m */ = {isa = PBXFileReference; fileEncoding = 4; lastKnownFileType = sourcecode.c.objc; path = BuildingLayer.m; sourceTree = "<group>"; };
		DACA4E8B0EB3B0E10096F970 /* GorillasConfig.h */ = {isa = PBXFileReference; fileEncoding = 4; lastKnownFileType = sourcecode.c.h; path = GorillasConfig.h; sourceTree = "<group>"; };
		DACA4E8C0EB3B0E10096F970 /* GorillasConfig.m */ = {isa = PBXFileReference; fileEncoding = 4; lastKnownFileType = sourcecode.c.objc; path = GorillasConfig.m; sourceTree = "<group>"; };
		DACFEC1F0EE96AA300A0D08E /* CityTheme.h */ = {isa = PBXFileReference; fileEncoding = 4; lastKnownFileType = sourcecode.c.h; path = CityTheme.h; sourceTree = "<group>"; };
		DACFEC200EE96AA300A0D08E /* CityTheme.m */ = {isa = PBXFileReference; fileEncoding = 4; lastKnownFileType = sourcecode.c.objc; path = CityTheme.m; sourceTree = "<group>"; };
		DAF6AAEC0EF57EA500035664 /* page1.guide */ = {isa = PBXFileReference; fileEncoding = 4; lastKnownFileType = text; path = page1.guide; sourceTree = "<group>"; };
		DAF6AAED0EF57EA500035664 /* page2.guide */ = {isa = PBXFileReference; fileEncoding = 4; lastKnownFileType = text; path = page2.guide; sourceTree = "<group>"; };
		DAF6AAEE0EF57EA500035664 /* page3.guide */ = {isa = PBXFileReference; fileEncoding = 4; lastKnownFileType = text; path = page3.guide; sourceTree = "<group>"; };
		DAF6AAEF0EF57EA500035664 /* page4.guide */ = {isa = PBXFileReference; fileEncoding = 4; lastKnownFileType = text; path = page4.guide; sourceTree = "<group>"; };
		DAF6AB2C0EF58BC300035664 /* page5.guide */ = {isa = PBXFileReference; fileEncoding = 4; lastKnownFileType = text; path = page5.guide; sourceTree = "<group>"; };
		DAF6AB2D0EF58BC300035664 /* page6.guide */ = {isa = PBXFileReference; fileEncoding = 4; lastKnownFileType = text; path = page6.guide; sourceTree = "<group>"; };
		DAF6AB2E0EF58BC300035664 /* page7.guide */ = {isa = PBXFileReference; fileEncoding = 4; lastKnownFileType = text; path = page7.guide; sourceTree = "<group>"; };
		DAF9059B0EFD12D100797E7A /* blockdropper3.wav */ = {isa = PBXFileReference; lastKnownFileType = audio.wav; path = blockdropper3.wav; sourceTree = "<group>"; };
		DAF9059C0EFD12D100797E7A /* fighting_gorillas.wav */ = {isa = PBXFileReference; lastKnownFileType = audio.wav; path = fighting_gorillas.wav; sourceTree = "<group>"; };
		DAF905A10EFD17BF00797E7A /* AudioControllerDelegate.h */ = {isa = PBXFileReference; fileEncoding = 4; lastKnownFileType = sourcecode.c.h; path = AudioControllerDelegate.h; sourceTree = "<group>"; };
		DAFEB9BF0EFDCA540074333B /* page8.guide */ = {isa = PBXFileReference; fileEncoding = 4; lastKnownFileType = text; path = page8.guide; sourceTree = "<group>"; };
		DAFEB9C00EFDCA540074333B /* page9.guide */ = {isa = PBXFileReference; fileEncoding = 4; lastKnownFileType = text; path = page9.guide; sourceTree = "<group>"; };
		DAFEF9710ED847D40019F7E5 /* Throw.h */ = {isa = PBXFileReference; fileEncoding = 4; lastKnownFileType = sourcecode.c.h; path = Throw.h; sourceTree = "<group>"; };
		DAFEF9720ED847D40019F7E5 /* Throw.m */ = {isa = PBXFileReference; fileEncoding = 4; lastKnownFileType = sourcecode.c.objc; path = Throw.m; sourceTree = "<group>"; };
/* End PBXFileReference section */

/* Begin PBXFrameworksBuildPhase section */
		1D60588F0D05DD3D006BFB54 /* Frameworks */ = {
			isa = PBXFrameworksBuildPhase;
			buildActionMask = 2147483647;
			files = (
				1D60589F0D05DD5A006BFB54 /* Foundation.framework in Frameworks */,
				1DF5F4E00D08C38300B7A737 /* UIKit.framework in Frameworks */,
				288765FD0DF74451002DB57D /* CoreGraphics.framework in Frameworks */,
				DA75482C0EAB77450083EC7C /* OpenGLES.framework in Frameworks */,
				DA75496D0EAB77970083EC7C /* QuartzCore.framework in Frameworks */,
				DA859F210EC5BB0E0036B7C0 /* AudioToolbox.framework in Frameworks */,
			);
			runOnlyForDeploymentPostprocessing = 0;
		};
/* End PBXFrameworksBuildPhase section */

/* Begin PBXGroup section */
		080E96DDFE201D6D7F000001 /* Classes */ = {
			isa = PBXGroup;
			children = (
				DA2282270EE1A38A00BA53D2 /* Backend */,
				DA2282250EE1A2F100BA53D2 /* Actions */,
				DA2282260EE1A30300BA53D2 /* Video */,
				DA859EB70EC5B2420036B7C0 /* Audio */,
			);
			path = Classes;
			sourceTree = "<group>";
		};
		19C28FACFE9D520D11CA2CBB /* Products */ = {
			isa = PBXGroup;
			children = (
				1D6058910D05DD3D006BFB54 /* Gorillas.app */,
			);
			name = Products;
			sourceTree = "<group>";
		};
		29B97314FDCFA39411CA2CEA /* CustomTemplate */ = {
			isa = PBXGroup;
			children = (
				080E96DDFE201D6D7F000001 /* Classes */,
				DABF1FF40EB2703B002C32BF /* Support */,
				29B97315FDCFA39411CA2CEA /* Other Sources */,
				29B97317FDCFA39411CA2CEA /* Resources */,
				29B97323FDCFA39411CA2CEA /* Frameworks */,
				19C28FACFE9D520D11CA2CBB /* Products */,
			);
			name = CustomTemplate;
			sourceTree = "<group>";
		};
		29B97315FDCFA39411CA2CEA /* Other Sources */ = {
			isa = PBXGroup;
			children = (
				32CA4F630368D1EE00C91783 /* Gorillas_Prefix.pch */,
				29B97316FDCFA39411CA2CEA /* main.m */,
			);
			name = "Other Sources";
			sourceTree = "<group>";
		};
		29B97317FDCFA39411CA2CEA /* Resources */ = {
			isa = PBXGroup;
			children = (
				DAF6AAEC0EF57EA500035664 /* page1.guide */,
				DAF6AAED0EF57EA500035664 /* page2.guide */,
				DAF6AAEE0EF57EA500035664 /* page3.guide */,
				DAF6AAEF0EF57EA500035664 /* page4.guide */,
				DAF6AB2C0EF58BC300035664 /* page5.guide */,
				DAF6AB2D0EF58BC300035664 /* page6.guide */,
				DAF6AB2E0EF58BC300035664 /* page7.guide */,
				DAFEB9BF0EFDCA540074333B /* page8.guide */,
				DAFEB9C00EFDCA540074333B /* page9.guide */,
				DA16C3550EEC3D2200E46246 /* icon.png */,
				DA5F1BD30EE74CE80041691E /* Images */,
				DA2283090EE2CAC600BA53D2 /* hole.png */,
				DAB609A10EDCBA4600FC200F /* explosion0.png */,
				DAB609A20EDCBA4600FC200F /* explosion1.png */,
				DAB609A30EDCBA4600FC200F /* explosion2.png */,
				DAB609A40EDCBA4600FC200F /* explosion3.png */,
				DAB609A50EDCBA4600FC200F /* explosion4.png */,
				DAC4EA220EDB0A610093BA40 /* banana.png */,
				DAC4E9C60EDAF86F0093BA40 /* gorilla.gif */,
				DAC4E93E0EDAF37B0093BA40 /* gorilla.png */,
				DA859ECB0EC5B7030036B7C0 /* Audio */,
				8D1107310486CEB800E47090 /* Info.plist */,
			);
			name = Resources;
			sourceTree = "<group>";
		};
		29B97323FDCFA39411CA2CEA /* Frameworks */ = {
			isa = PBXGroup;
			children = (
				DA859F200EC5BB0E0036B7C0 /* AudioToolbox.framework */,
				DA75496C0EAB77970083EC7C /* QuartzCore.framework */,
				DA75482B0EAB77450083EC7C /* OpenGLES.framework */,
				1DF5F4DF0D08C38300B7A737 /* UIKit.framework */,
				1D30AB110D05D00D00671497 /* Foundation.framework */,
				288765FC0DF74451002DB57D /* CoreGraphics.framework */,
			);
			name = Frameworks;
			sourceTree = "<group>";
		};
		DA2282240EE1A2B000BA53D2 /* Sprites */ = {
			isa = PBXGroup;
			children = (
				DA34FE1A0EB4AE5400B68C06 /* SkiesLayer.h */,
				DA34FE1B0EB4AE5400B68C06 /* SkiesLayer.m */,
				DA34FD7E0EB49FFB00B68C06 /* SkyLayer.h */,
				DA34FD7F0EB49FFB00B68C06 /* SkyLayer.m */,
				DA34FD7B0EB49F4000B68C06 /* BuildingsLayer.h */,
				DA34FD7C0EB49F4000B68C06 /* BuildingsLayer.m */,
				DACA4E6C0EB3AEA40096F970 /* BuildingLayer.h */,
				DACA4E6D0EB3AEA40096F970 /* BuildingLayer.m */,
				DA859C4E0EC4F3950036B7C0 /* GorillaLayer.h */,
				DA859C4F0EC4F3950036B7C0 /* GorillaLayer.m */,
				DA859E6E0EC598E10036B7C0 /* BananaLayer.h */,
				DA859E6F0EC598E10036B7C0 /* BananaLayer.m */,
				DA6C17CC0EC0F698006D43BD /* ExplosionLayer.h */,
				DA6C17CD0EC0F698006D43BD /* ExplosionLayer.m */,
				DA2282FE0EE204AF00BA53D2 /* ExplosionAnimationLayer.h */,
				DA2282FF0EE204AF00BA53D2 /* ExplosionAnimationLayer.m */,
			);
			name = Sprites;
			sourceTree = "<group>";
		};
		DA2282250EE1A2F100BA53D2 /* Actions */ = {
			isa = PBXGroup;
			children = (
				DA34FD0E0EB4851D00B68C06 /* PanAction.h */,
				DA34FD0F0EB4851D00B68C06 /* PanAction.m */,
				DA16C5170EEC855900E46246 /* ShadeTo.h */,
				DA16C5180EEC856200E46246 /* ShadeTo.m */,
				DAFEF9710ED847D40019F7E5 /* Throw.h */,
				DAFEF9720ED847D40019F7E5 /* Throw.m */,
			);
			name = Actions;
			sourceTree = "<group>";
		};
		DA2282260EE1A30300BA53D2 /* Video */ = {
			isa = PBXGroup;
			children = (
				DA126C8D0EDDF19100EADDE2 /* Utility.h */,
				DA126C8E0EDDF19100EADDE2 /* Utility.m */,
				DA6314C30EFAEAD0007D203B /* FancyLayer.h */,
				DA6314C40EFAEAD0007D203B /* FancyLayer.m */,
				DA2282240EE1A2B000BA53D2 /* Sprites */,
				DACA4E220EB3A8E90096F970 /* Views */,
			);
			name = Video;
			sourceTree = "<group>";
		};
		DA2282270EE1A38A00BA53D2 /* Backend */ = {
			isa = PBXGroup;
			children = (
				1D3623240D0F684500981E51 /* GorillasAppDelegate.h */,
				1D3623250D0F684500981E51 /* GorillasAppDelegate.m */,
				DACA4E8B0EB3B0E10096F970 /* GorillasConfig.h */,
				DACA4E8C0EB3B0E10096F970 /* GorillasConfig.m */,
				DACFEC1F0EE96AA300A0D08E /* CityTheme.h */,
				DACFEC200EE96AA300A0D08E /* CityTheme.m */,
			);
			name = Backend;
			sourceTree = "<group>";
		};
		DA4F4AF40EF3E8F60062E0E8 /* cocos2d */ = {
			isa = PBXGroup;
			children = (
				DA4F4AF50EF3E8F60062E0E8 /* cocos2d.h */,
				DA4F4AF60EF3E8F60062E0E8 /* cocos2d.m */,
				DA4F4AF70EF3E8F60062E0E8 /* Scheduler.h */,
				DA4F4AF80EF3E8F60062E0E8 /* Scheduler.m */,
				DA4F4AF90EF3E8F60062E0E8 /* TextureNode.h */,
				DA4F4AFA0EF3E8F60062E0E8 /* TextureNode.m */,
				DA4F4AFB0EF3E8F60062E0E8 /* ParticleSystems.h */,
				DA4F4AFC0EF3E8F60062E0E8 /* ParticleSystems.m */,
				DA4F4AFD0EF3E8F60062E0E8 /* Particle.h */,
				DA4F4AFE0EF3E8F60062E0E8 /* Particle.m */,
				DA4F4AFF0EF3E8F60062E0E8 /* Primitives.h */,
				DA4F4B000EF3E8F60062E0E8 /* Primitives.m */,
				DA4F4B010EF3E8F60062E0E8 /* Transition.h */,
				DA4F4B020EF3E8F60062E0E8 /* Transition.m */,
				DA4F4B030EF3E8F60062E0E8 /* CameraAction.h */,
				DA4F4B040EF3E8F60062E0E8 /* CameraAction.m */,
				DA4F4B050EF3E8F60062E0E8 /* Camera.h */,
				DA4F4B060EF3E8F60062E0E8 /* Camera.m */,
				DA4F4B070EF3E8F60062E0E8 /* MenuItem.h */,
				DA4F4B080EF3E8F60062E0E8 /* MenuItem.m */,
				DA4F4B090EF3E8F60062E0E8 /* Menu.h */,
				DA4F4B0A0EF3E8F60062E0E8 /* Menu.m */,
				DA4F4B0B0EF3E8F60062E0E8 /* CocosNode.h */,
				DA4F4B0C0EF3E8F60062E0E8 /* CocosNode.m */,
				DA4F4B0D0EF3E8F60062E0E8 /* Director.h */,
				DA4F4B0E0EF3E8F60062E0E8 /* Director.m */,
				DA4F4B0F0EF3E8F60062E0E8 /* Action.h */,
				DA4F4B100EF3E8F60062E0E8 /* Action.m */,
				DA4F4B110EF3E8F60062E0E8 /* InstantAction.h */,
				DA4F4B120EF3E8F60062E0E8 /* InstantAction.m */,
				DA4F4B130EF3E8F60062E0E8 /* IntervalAction.h */,
				DA4F4B140EF3E8F60062E0E8 /* IntervalAction.m */,
				DA4F4B150EF3E8F60062E0E8 /* Label.h */,
				DA4F4B160EF3E8F60062E0E8 /* Label.m */,
				DA4F4B170EF3E8F60062E0E8 /* Layer.h */,
				DA4F4B180EF3E8F60062E0E8 /* Layer.m */,
				DA4F4B190EF3E8F60062E0E8 /* Scene.h */,
				DA4F4B1A0EF3E8F60062E0E8 /* Scene.m */,
				DA4F4B1B0EF3E8F60062E0E8 /* Sprite.h */,
				DA4F4B1C0EF3E8F60062E0E8 /* Sprite.m */,
				DA4F4B1D0EF3E8F60062E0E8 /* TextureMgr.h */,
				DA4F4B1E0EF3E8F60062E0E8 /* TextureMgr.m */,
				DA4F4B1F0EF3E8F60062E0E8 /* types.h */,
				DA4F4B200EF3E8F60062E0E8 /* TextureAtlas.h */,
				DA4F4B210EF3E8F60062E0E8 /* TextureAtlas.m */,
				DA4F4B220EF3E8F60062E0E8 /* LabelAtlas.h */,
				DA4F4B230EF3E8F60062E0E8 /* LabelAtlas.m */,
				DA4F4B240EF3E8F60062E0E8 /* TileMapAtlas.h */,
				DA4F4B250EF3E8F60062E0E8 /* TileMapAtlas.m */,
				DA4F4B260EF3E8F60062E0E8 /* AtlasNode.h */,
				DA4F4B270EF3E8F60062E0E8 /* AtlasNode.m */,
			);
			name = cocos2d;
			path = "../cocos2d-iphone-0.6.1/cocos2d";
			sourceTree = SOURCE_ROOT;
		};
		DA4F4B4D0EF3E9030062E0E8 /* Chipmunk */ = {
			isa = PBXGroup;
			children = (
				DA4F4B5D0EF3E9030062E0E8 /* chipmunk.c */,
				DA4F4B5E0EF3E9030062E0E8 /* chipmunk.h */,
				DA4F4B5F0EF3E9030062E0E8 /* CMakeLists.txt */,
				DA4F4B600EF3E9030062E0E8 /* cpArbiter.c */,
				DA4F4B610EF3E9030062E0E8 /* cpArbiter.h */,
				DA4F4B620EF3E9030062E0E8 /* cpArray.c */,
				DA4F4B630EF3E9030062E0E8 /* cpArray.h */,
				DA4F4B640EF3E9030062E0E8 /* cpBB.c */,
				DA4F4B650EF3E9030062E0E8 /* cpBB.h */,
				DA4F4B660EF3E9030062E0E8 /* cpBody.c */,
				DA4F4B670EF3E9030062E0E8 /* cpBody.h */,
				DA4F4B680EF3E9030062E0E8 /* cpCollision.c */,
				DA4F4B690EF3E9030062E0E8 /* cpCollision.h */,
				DA4F4B6A0EF3E9030062E0E8 /* cpHashSet.c */,
				DA4F4B6B0EF3E9030062E0E8 /* cpHashSet.h */,
				DA4F4B6C0EF3E9030062E0E8 /* cpJoint.c */,
				DA4F4B6D0EF3E9030062E0E8 /* cpJoint.h */,
				DA4F4B6E0EF3E9030062E0E8 /* cpPolyShape.c */,
				DA4F4B6F0EF3E9030062E0E8 /* cpPolyShape.h */,
				DA4F4B700EF3E9030062E0E8 /* cpShape.c */,
				DA4F4B710EF3E9030062E0E8 /* cpShape.h */,
				DA4F4B720EF3E9030062E0E8 /* cpSpace.c */,
				DA4F4B730EF3E9030062E0E8 /* cpSpace.h */,
				DA4F4B740EF3E9030062E0E8 /* cpSpaceHash.c */,
				DA4F4B750EF3E9030062E0E8 /* cpSpaceHash.h */,
				DA4F4B760EF3E9030062E0E8 /* cpVect.c */,
				DA4F4B770EF3E9030062E0E8 /* cpVect.h */,
				DA4F4B780EF3E9030062E0E8 /* prime.h */,
			);
			name = Chipmunk;
			path = "../cocos2d-iphone-0.6.1/Chipmunk";
			sourceTree = SOURCE_ROOT;
		};
		DA4F4B930EF3E90D0062E0E8 /* OpenGLSupport */ = {
			isa = PBXGroup;
			children = (
				DA4F4B940EF3E90D0062E0E8 /* EAGLView.h */,
				DA4F4B950EF3E90D0062E0E8 /* EAGLView.m */,
				DA4F4B960EF3E90D0062E0E8 /* glu.c */,
				DA4F4B970EF3E90D0062E0E8 /* glu.h */,
				DA4F4B980EF3E90D0062E0E8 /* OpenGL_Internal.h */,
				DA4F4B990EF3E90D0062E0E8 /* Texture2D.h */,
				DA4F4B9A0EF3E90D0062E0E8 /* Texture2D.m */,
			);
			name = OpenGLSupport;
			sourceTree = "<group>";
		};
		DA4F4B9B0EF3E90D0062E0E8 /* ImageSupport */ = {
			isa = PBXGroup;
			children = (
				DA4F4B9C0EF3E90D0062E0E8 /* TGAlib.c */,
				DA4F4B9D0EF3E90D0062E0E8 /* TGAlib.h */,
			);
			name = ImageSupport;
			sourceTree = "<group>";
		};
		DA5F1BD30EE74CE80041691E /* Images */ = {
			isa = PBXGroup;
			children = (
				DA5F1BD40EE74CE80041691E /* fps_images.png */,
			);
			path = Images;
			sourceTree = "<group>";
		};
		DA859EB70EC5B2420036B7C0 /* Audio */ = {
			isa = PBXGroup;
			children = (
				DA859EC50EC5B2630036B7C0 /* AudioController.h */,
				DA859EC60EC5B2630036B7C0 /* AudioController.m */,
				DA859EC70EC5B2630036B7C0 /* AudioQueueObject.h */,
				DA859EC80EC5B2630036B7C0 /* AudioQueueObject.m */,
				DA859EC20EC5B2510036B7C0 /* AudioPlayer.h */,
				DA859EC30EC5B2510036B7C0 /* AudioPlayer.m */,
				DAF905A10EFD17BF00797E7A /* AudioControllerDelegate.h */,
			);
			name = Audio;
			sourceTree = "<group>";
		};
		DA859ECB0EC5B7030036B7C0 /* Audio */ = {
			isa = PBXGroup;
			children = (
				DAF9059B0EFD12D100797E7A /* blockdropper3.wav */,
				DAF9059C0EFD12D100797E7A /* fighting_gorillas.wav */,
				DAAC33230EC5E26800816338 /* veritech.wav */,
			);
			name = Audio;
			sourceTree = "<group>";
		};
		DABF1FF40EB2703B002C32BF /* Support */ = {
			isa = PBXGroup;
			children = (
				DA6314C00EFAEA06007D203B /* TestLayer.h */,
				DA6314C10EFAEA06007D203B /* TestLayer.m */,
				DA4F4AF40EF3E8F60062E0E8 /* cocos2d */,
				DA4F4B4D0EF3E9030062E0E8 /* Chipmunk */,
				DA4F4B9B0EF3E90D0062E0E8 /* ImageSupport */,
				DA4F4B930EF3E90D0062E0E8 /* OpenGLSupport */,
			);
			name = Support;
			sourceTree = "<group>";
		};
		DACA4E220EB3A8E90096F970 /* Views */ = {
			isa = PBXGroup;
			children = (
				DA7547F40EAB66D40083EC7C /* GameLayer.h */,
				DA7547F50EAB66D40083EC7C /* GameLayer.m */,
				DAB46AA70EC85E7400F17B3F /* HUDLayer.h */,
				DAB46AA80EC85E7400F17B3F /* HUDLayer.m */,
				DA16C3250EEBDE7900E46246 /* Resettable.h */,
				DA34FF6A0EB4E48E00B68C06 /* ShadeLayer.h */,
				DA34FF6B0EB4E48E00B68C06 /* ShadeLayer.m */,
				DA34FFA80EB4EEF300B68C06 /* MainMenuLayer.h */,
				DA34FFA90EB4EEF300B68C06 /* MainMenuLayer.m */,
				DAB8C42C0EF1D582003D22DA /* ContinueMenuLayer.h */,
				DAB8C42D0EF1D582003D22DA /* ContinueMenuLayer.m */,
				DA4F49F70EF3243C0062E0E8 /* InformationLayer.h */,
				DA4F49F80EF3243C0062E0E8 /* InformationLayer.m */,
				DA4F4A240EF327A30062E0E8 /* GuideLayer.h */,
				DA4F4A250EF327A30062E0E8 /* GuideLayer.m */,
				DA34006B0EB516D800B68C06 /* StatisticsLayer.h */,
				DA34006C0EB516D800B68C06 /* StatisticsLayer.m */,
				DA34006E0EB516F400B68C06 /* ConfigurationLayer.h */,
				DA34006F0EB516F400B68C06 /* ConfigurationLayer.m */,
			);
			name = Views;
			sourceTree = "<group>";
		};
/* End PBXGroup section */

/* Begin PBXNativeTarget section */
		1D6058900D05DD3D006BFB54 /* Gorillas */ = {
			isa = PBXNativeTarget;
			buildConfigurationList = 1D6058960D05DD3E006BFB54 /* Build configuration list for PBXNativeTarget "Gorillas" */;
			buildPhases = (
				1D60588D0D05DD3D006BFB54 /* Resources */,
				1D60588E0D05DD3D006BFB54 /* Sources */,
				1D60588F0D05DD3D006BFB54 /* Frameworks */,
			);
			buildRules = (
			);
			dependencies = (
			);
			name = Gorillas;
			productName = Gorillas;
			productReference = 1D6058910D05DD3D006BFB54 /* Gorillas.app */;
			productType = "com.apple.product-type.application";
		};
/* End PBXNativeTarget section */

/* Begin PBXProject section */
		29B97313FDCFA39411CA2CEA /* Project object */ = {
			isa = PBXProject;
			attributes = {
				BuildIndependentTargetsInParallel = YES;
			};
			buildConfigurationList = C01FCF4E08A954540054247B /* Build configuration list for PBXProject "Gorillas" */;
			compatibilityVersion = "Xcode 3.1";
			hasScannedForEncodings = 1;
			mainGroup = 29B97314FDCFA39411CA2CEA /* CustomTemplate */;
			projectDirPath = "";
			projectRoot = "";
			targets = (
				1D6058900D05DD3D006BFB54 /* Gorillas */,
			);
		};
/* End PBXProject section */

/* Begin PBXResourcesBuildPhase section */
		1D60588D0D05DD3D006BFB54 /* Resources */ = {
			isa = PBXResourcesBuildPhase;
			buildActionMask = 2147483647;
			files = (
				DAAC33240EC5E26800816338 /* veritech.wav in Resources */,
				DAC4E93F0EDAF37B0093BA40 /* gorilla.png in Resources */,
				DAC4E9C70EDAF86F0093BA40 /* gorilla.gif in Resources */,
				DAC4EA230EDB0A610093BA40 /* banana.png in Resources */,
				DAB609A70EDCBA4600FC200F /* explosion0.png in Resources */,
				DAB609A80EDCBA4600FC200F /* explosion1.png in Resources */,
				DAB609A90EDCBA4600FC200F /* explosion2.png in Resources */,
				DAB609AA0EDCBA4600FC200F /* explosion3.png in Resources */,
				DAB609AB0EDCBA4600FC200F /* explosion4.png in Resources */,
				DA22830A0EE2CAC600BA53D2 /* hole.png in Resources */,
				DA5F1BD60EE74CE80041691E /* fps_images.png in Resources */,
				DA16C3560EEC3D2200E46246 /* icon.png in Resources */,
				DA4F4B860EF3E9030062E0E8 /* CMakeLists.txt in Resources */,
				DAF6AAF00EF57EA500035664 /* page1.guide in Resources */,
				DAF6AAF10EF57EA500035664 /* page2.guide in Resources */,
				DAF6AAF20EF57EA500035664 /* page3.guide in Resources */,
				DAF6AAF30EF57EA500035664 /* page4.guide in Resources */,
				DAF6AB2F0EF58BC300035664 /* page5.guide in Resources */,
				DAF6AB300EF58BC300035664 /* page6.guide in Resources */,
				DAF6AB310EF58BC300035664 /* page7.guide in Resources */,
				DAF9059D0EFD12D100797E7A /* blockdropper3.wav in Resources */,
				DAF9059E0EFD12D100797E7A /* fighting_gorillas.wav in Resources */,
				DAFEB9C10EFDCA540074333B /* page8.guide in Resources */,
				DAFEB9C20EFDCA540074333B /* page9.guide in Resources */,
			);
			runOnlyForDeploymentPostprocessing = 0;
		};
/* End PBXResourcesBuildPhase section */

/* Begin PBXSourcesBuildPhase section */
		1D60588E0D05DD3D006BFB54 /* Sources */ = {
			isa = PBXSourcesBuildPhase;
			buildActionMask = 2147483647;
			files = (
				1D60589B0D05DD56006BFB54 /* main.m in Sources */,
				1D3623260D0F684500981E51 /* GorillasAppDelegate.m in Sources */,
				DA7547F80EAB66D40083EC7C /* GameLayer.m in Sources */,
				DACA4E6E0EB3AEA40096F970 /* BuildingLayer.m in Sources */,
				DACA4E8D0EB3B0E10096F970 /* GorillasConfig.m in Sources */,
				DA34FD100EB4851E00B68C06 /* PanAction.m in Sources */,
				DA34FD7D0EB49F4000B68C06 /* BuildingsLayer.m in Sources */,
				DA34FD800EB49FFB00B68C06 /* SkyLayer.m in Sources */,
				DA34FE1C0EB4AE5400B68C06 /* SkiesLayer.m in Sources */,
				DA34FF6C0EB4E48E00B68C06 /* ShadeLayer.m in Sources */,
				DA34FFAA0EB4EEF300B68C06 /* MainMenuLayer.m in Sources */,
				DA34006D0EB516D800B68C06 /* StatisticsLayer.m in Sources */,
				DA3400700EB516F400B68C06 /* ConfigurationLayer.m in Sources */,
				DA6C17CE0EC0F698006D43BD /* ExplosionLayer.m in Sources */,
				DA859C500EC4F3950036B7C0 /* GorillaLayer.m in Sources */,
				DA859E700EC598E10036B7C0 /* BananaLayer.m in Sources */,
				DA859EC40EC5B2510036B7C0 /* AudioPlayer.m in Sources */,
				DA859EC90EC5B2630036B7C0 /* AudioController.m in Sources */,
				DA859ECA0EC5B2630036B7C0 /* AudioQueueObject.m in Sources */,
				DAB46AA90EC85E7400F17B3F /* HUDLayer.m in Sources */,
				DAFEF9730ED847D40019F7E5 /* Throw.m in Sources */,
				DA126C8F0EDDF19100EADDE2 /* Utility.m in Sources */,
				DA2283000EE204AF00BA53D2 /* ExplosionAnimationLayer.m in Sources */,
				DACFEC210EE96AA300A0D08E /* CityTheme.m in Sources */,
				DA16C5190EEC856200E46246 /* ShadeTo.m in Sources */,
				DAB8C42E0EF1D582003D22DA /* ContinueMenuLayer.m in Sources */,
				DA4F49F90EF3243C0062E0E8 /* InformationLayer.m in Sources */,
				DA4F4A260EF327A30062E0E8 /* GuideLayer.m in Sources */,
				DA4F4B280EF3E8F60062E0E8 /* cocos2d.m in Sources */,
				DA4F4B290EF3E8F60062E0E8 /* Scheduler.m in Sources */,
				DA4F4B2A0EF3E8F60062E0E8 /* TextureNode.m in Sources */,
				DA4F4B2B0EF3E8F60062E0E8 /* ParticleSystems.m in Sources */,
				DA4F4B2C0EF3E8F60062E0E8 /* Particle.m in Sources */,
				DA4F4B2D0EF3E8F60062E0E8 /* Primitives.m in Sources */,
				DA4F4B2E0EF3E8F60062E0E8 /* Transition.m in Sources */,
				DA4F4B2F0EF3E8F60062E0E8 /* CameraAction.m in Sources */,
				DA4F4B300EF3E8F60062E0E8 /* Camera.m in Sources */,
				DA4F4B310EF3E8F60062E0E8 /* MenuItem.m in Sources */,
				DA4F4B320EF3E8F60062E0E8 /* Menu.m in Sources */,
				DA4F4B330EF3E8F60062E0E8 /* CocosNode.m in Sources */,
				DA4F4B340EF3E8F60062E0E8 /* Director.m in Sources */,
				DA4F4B350EF3E8F60062E0E8 /* Action.m in Sources */,
				DA4F4B360EF3E8F60062E0E8 /* InstantAction.m in Sources */,
				DA4F4B370EF3E8F60062E0E8 /* IntervalAction.m in Sources */,
				DA4F4B380EF3E8F60062E0E8 /* Label.m in Sources */,
				DA4F4B390EF3E8F60062E0E8 /* Layer.m in Sources */,
				DA4F4B3A0EF3E8F60062E0E8 /* Scene.m in Sources */,
				DA4F4B3B0EF3E8F60062E0E8 /* Sprite.m in Sources */,
				DA4F4B3C0EF3E8F60062E0E8 /* TextureMgr.m in Sources */,
				DA4F4B3D0EF3E8F60062E0E8 /* TextureAtlas.m in Sources */,
				DA4F4B3E0EF3E8F60062E0E8 /* LabelAtlas.m in Sources */,
				DA4F4B3F0EF3E8F60062E0E8 /* TileMapAtlas.m in Sources */,
				DA4F4B400EF3E8F60062E0E8 /* AtlasNode.m in Sources */,
				DA4F4B850EF3E9030062E0E8 /* chipmunk.c in Sources */,
				DA4F4B870EF3E9030062E0E8 /* cpArbiter.c in Sources */,
				DA4F4B880EF3E9030062E0E8 /* cpArray.c in Sources */,
				DA4F4B890EF3E9030062E0E8 /* cpBB.c in Sources */,
				DA4F4B8A0EF3E9030062E0E8 /* cpBody.c in Sources */,
				DA4F4B8B0EF3E9030062E0E8 /* cpCollision.c in Sources */,
				DA4F4B8C0EF3E9030062E0E8 /* cpHashSet.c in Sources */,
				DA4F4B8D0EF3E9030062E0E8 /* cpJoint.c in Sources */,
				DA4F4B8E0EF3E9030062E0E8 /* cpPolyShape.c in Sources */,
				DA4F4B8F0EF3E9030062E0E8 /* cpShape.c in Sources */,
				DA4F4B900EF3E9030062E0E8 /* cpSpace.c in Sources */,
				DA4F4B910EF3E9030062E0E8 /* cpSpaceHash.c in Sources */,
				DA4F4B920EF3E9030062E0E8 /* cpVect.c in Sources */,
				DA4F4B9E0EF3E90D0062E0E8 /* EAGLView.m in Sources */,
				DA4F4B9F0EF3E90D0062E0E8 /* glu.c in Sources */,
				DA4F4BA00EF3E90D0062E0E8 /* Texture2D.m in Sources */,
				DA4F4BA10EF3E90D0062E0E8 /* TGAlib.c in Sources */,
				DA6314C20EFAEA06007D203B /* TestLayer.m in Sources */,
				DA6314C50EFAEAD0007D203B /* FancyLayer.m in Sources */,
			);
			runOnlyForDeploymentPostprocessing = 0;
		};
/* End PBXSourcesBuildPhase section */

/* Begin XCBuildConfiguration section */
		1D6058940D05DD3E006BFB54 /* Debug */ = {
			isa = XCBuildConfiguration;
			buildSettings = {
				ALWAYS_SEARCH_USER_PATHS = NO;
				"CODE_SIGN_IDENTITY[sdk=iphoneos*]" = "iPhone Developer: Maarten Billemont";
				COPY_PHASE_STRIP = NO;
				GCC_DYNAMIC_NO_PIC = NO;
				GCC_OPTIMIZATION_LEVEL = 0;
				GCC_PRECOMPILE_PREFIX_HEADER = YES;
				GCC_PREFIX_HEADER = Gorillas_Prefix.pch;
				GCC_TREAT_WARNINGS_AS_ERRORS = YES;
				INFOPLIST_FILE = Info.plist;
				LIBRARY_SEARCH_PATHS = (
					"$(inherited)",
					"\"$(SRCROOT)/../cocos2d-iphone-0.5.1/build/Debug-iphonesimulator\"",
				);
				PRODUCT_NAME = Gorillas;
				"PROVISIONING_PROFILE[sdk=iphoneos*]" = "3F99D2BF-D20F-4363-AB0E-74CE17713124";
			};
			name = Debug;
		};
		1D6058950D05DD3E006BFB54 /* Release */ = {
			isa = XCBuildConfiguration;
			buildSettings = {
				ALWAYS_SEARCH_USER_PATHS = NO;
				COPY_PHASE_STRIP = YES;
				GCC_PRECOMPILE_PREFIX_HEADER = YES;
				GCC_PREFIX_HEADER = Gorillas_Prefix.pch;
				GCC_TREAT_WARNINGS_AS_ERRORS = YES;
				INFOPLIST_FILE = Info.plist;
				LIBRARY_SEARCH_PATHS = (
					"$(inherited)",
					"\"$(SRCROOT)/../cocos2d-iphone-0.5.1/build/Debug-iphonesimulator\"",
				);
				PRODUCT_NAME = Gorillas;
			};
			name = Release;
		};
		C01FCF4F08A954540054247B /* Debug */ = {
			isa = XCBuildConfiguration;
			buildSettings = {
				ARCHS = "$(ARCHS_STANDARD_32_BIT)";
				"CODE_SIGN_IDENTITY[sdk=iphoneos*]" = "iPhone Developer: Maarten Billemont";
				GCC_C_LANGUAGE_STANDARD = c99;
				GCC_WARN_ABOUT_RETURN_TYPE = YES;
				GCC_WARN_UNUSED_VARIABLE = YES;
				ONLY_ACTIVE_ARCH = YES;
				PREBINDING = NO;
				SDKROOT = iphoneos2.1;
			};
			name = Debug;
		};
		C01FCF5008A954540054247B /* Release */ = {
			isa = XCBuildConfiguration;
			buildSettings = {
				ARCHS = "$(ARCHS_STANDARD_32_BIT)";
				"CODE_SIGN_IDENTITY[sdk=iphoneos*]" = "iPhone Developer";
				GCC_C_LANGUAGE_STANDARD = c99;
				GCC_WARN_ABOUT_RETURN_TYPE = YES;
				GCC_WARN_UNUSED_VARIABLE = YES;
				PREBINDING = NO;
				SDKROOT = iphoneos2.1;
			};
			name = Release;
		};
		DA16C3750EEC575C00E46246 /* Distribution */ = {
			isa = XCBuildConfiguration;
			buildSettings = {
				ARCHS = "$(ARCHS_STANDARD_32_BIT)";
				"CODE_SIGN_IDENTITY[sdk=iphoneos*]" = "iPhone Distribution: Maarten Billemont";
				GCC_C_LANGUAGE_STANDARD = c99;
				GCC_WARN_ABOUT_RETURN_TYPE = YES;
				GCC_WARN_UNUSED_VARIABLE = YES;
				PREBINDING = NO;
				SDKROOT = iphoneos2.1;
				VALID_ARCHS = armv6;
			};
			name = Distribution;
		};
		DA16C3760EEC575C00E46246 /* Distribution */ = {
			isa = XCBuildConfiguration;
			buildSettings = {
				ALWAYS_SEARCH_USER_PATHS = NO;
				COPY_PHASE_STRIP = YES;
				GCC_PRECOMPILE_PREFIX_HEADER = YES;
				GCC_PREFIX_HEADER = Gorillas_Prefix.pch;
				GCC_TREAT_WARNINGS_AS_ERRORS = YES;
				INFOPLIST_FILE = Info.plist;
				LIBRARY_SEARCH_PATHS = (
					"$(inherited)",
					"\"$(SRCROOT)/../cocos2d-iphone-0.5.1/build/Debug-iphonesimulator\"",
				);
				PRODUCT_NAME = Gorillas;
			};
			name = Distribution;
		};
/* End XCBuildConfiguration section */

/* Begin XCConfigurationList section */
		1D6058960D05DD3E006BFB54 /* Build configuration list for PBXNativeTarget "Gorillas" */ = {
			isa = XCConfigurationList;
			buildConfigurations = (
				1D6058940D05DD3E006BFB54 /* Debug */,
				1D6058950D05DD3E006BFB54 /* Release */,
				DA16C3760EEC575C00E46246 /* Distribution */,
			);
			defaultConfigurationIsVisible = 0;
			defaultConfigurationName = Release;
		};
		C01FCF4E08A954540054247B /* Build configuration list for PBXProject "Gorillas" */ = {
			isa = XCConfigurationList;
			buildConfigurations = (
				C01FCF4F08A954540054247B /* Debug */,
				C01FCF5008A954540054247B /* Release */,
				DA16C3750EEC575C00E46246 /* Distribution */,
			);
			defaultConfigurationIsVisible = 0;
			defaultConfigurationName = Release;
		};
/* End XCConfigurationList section */
	};
	rootObject = 29B97313FDCFA39411CA2CEA /* Project object */;
}
